
Microsoft Visual Studio Solution File, Format Version 12.00
# Visual Studio Version 17
VisualStudioVersion = 17.7.34031.279
MinimumVisualStudioVersion = 10.0.40219.1
Project("{8BC9CEB8-8B4A-11D0-8D11-00A0C91BC942}") = "Bai011", "Bai011\Bai011.vcxproj", "{E7F60F17-EE67-42A4-9ED8-7B9F52BB229C}"
EndProject
Project("{8BC9CEB8-8B4A-11D0-8D11-00A0C91BC942}") = "Bai016", "Bai016\Bai016.vcxproj", "{89464CBC-AE92-453A-8090-A9C8D4D43BA3}"
EndProject
Project("{8BC9CEB8-8B4A-11D0-8D11-00A0C91BC942}") = "Bai021", "Bai021\Bai021.vcxproj", "{5EF05932-6030-425F-8ADC-EE5460153464}"
EndProject
Project("{8BC9CEB8-8B4A-11D0-8D11-00A0C91BC942}") = "Bai001", "Bai001\Bai001.vcxproj", "{764C181B-C7EC-4510-AB79-4F56A92E4F44}"
EndProject
Project("{8BC9CEB8-8B4A-11D0-8D11-00A0C91BC942}") = "Bai006", "Bai006\Bai006.vcxproj", "{2E9BF51E-C250-442F-A90B-20F4439F1C4D}"
EndProject
Project("{8BC9CEB8-8B4A-11D0-8D11-00A0C91BC942}") = "Bai026", "Bai026\Bai026.vcxproj", "{ABBB98D4-EB82-401F-BD6E-0F409CFBC9C8}"
EndProject
Project("{8BC9CEB8-8B4A-11D0-8D11-00A0C91BC942}") = "Bai031", "Bai031\Bai031.vcxproj", "{4EDA635F-6F3B-4FFA-8AA4-A7CA90F8ABDB}"
EndProject
Project("{8BC9CEB8-8B4A-11D0-8D11-00A0C91BC942}") = "Bai036", "Bai036\Bai036.vcxproj", "{4E158598-8C29-4AA9-A983-37601E65251E}"
EndProject
Project("{8BC9CEB8-8B4A-11D0-8D11-00A0C91BC942}") = "Bai041", "Bai041\Bai041.vcxproj", "{EA22D318-427D-45F7-8828-B11239AFE6CE}"
EndProject
Project("{8BC9CEB8-8B4A-11D0-8D11-00A0C91BC942}") = "Bai046", "Bai046\Bai046.vcxproj", "{6876C6F1-B361-4BB4-B7F5-D23BAFD3C977}"
EndProject
Project("{8BC9CEB8-8B4A-11D0-8D11-00A0C91BC942}") = "Bai051", "Bai051\Bai051.vcxproj", "{5705AF78-8ADD-4A6A-A4D1-E959979C10AF}"
EndProject
Project("{8BC9CEB8-8B4A-11D0-8D11-00A0C91BC942}") = "Bai056", "Bai056\Bai056.vcxproj", "{B2B3A3BB-D27E-4F2C-94AE-46ADADB9106B}"
EndProject
Project("{8BC9CEB8-8B4A-11D0-8D11-00A0C91BC942}") = "Bai061", "Bai061\Bai061.vcxproj", "{B770EC15-0C2B-4C58-8DEA-73C84978E6FE}"
EndProject
Global
	GlobalSection(SolutionConfigurationPlatforms) = preSolution
		Debug|x64 = Debug|x64
		Debug|x86 = Debug|x86
		Release|x64 = Release|x64
		Release|x86 = Release|x86
	EndGlobalSection
	GlobalSection(ProjectConfigurationPlatforms) = postSolution
		{E7F60F17-EE67-42A4-9ED8-7B9F52BB229C}.Debug|x64.ActiveCfg = Debug|x64
		{E7F60F17-EE67-42A4-9ED8-7B9F52BB229C}.Debug|x64.Build.0 = Debug|x64
		{E7F60F17-EE67-42A4-9ED8-7B9F52BB229C}.Debug|x86.ActiveCfg = Debug|Win32
		{E7F60F17-EE67-42A4-9ED8-7B9F52BB229C}.Debug|x86.Build.0 = Debug|Win32
		{E7F60F17-EE67-42A4-9ED8-7B9F52BB229C}.Release|x64.ActiveCfg = Release|x64
		{E7F60F17-EE67-42A4-9ED8-7B9F52BB229C}.Release|x64.Build.0 = Release|x64
		{E7F60F17-EE67-42A4-9ED8-7B9F52BB229C}.Release|x86.ActiveCfg = Release|Win32
		{E7F60F17-EE67-42A4-9ED8-7B9F52BB229C}.Release|x86.Build.0 = Release|Win32
		{89464CBC-AE92-453A-8090-A9C8D4D43BA3}.Debug|x64.ActiveCfg = Debug|x64
		{89464CBC-AE92-453A-8090-A9C8D4D43BA3}.Debug|x64.Build.0 = Debug|x64
		{89464CBC-AE92-453A-8090-A9C8D4D43BA3}.Debug|x86.ActiveCfg = Debug|Win32
		{89464CBC-AE92-453A-8090-A9C8D4D43BA3}.Debug|x86.Build.0 = Debug|Win32
		{89464CBC-AE92-453A-8090-A9C8D4D43BA3}.Release|x64.ActiveCfg = Release|x64
		{89464CBC-AE92-453A-8090-A9C8D4D43BA3}.Release|x64.Build.0 = Release|x64
		{89464CBC-AE92-453A-8090-A9C8D4D43BA3}.Release|x86.ActiveCfg = Release|Win32
		{89464CBC-AE92-453A-8090-A9C8D4D43BA3}.Release|x86.Build.0 = Release|Win32
		{5EF05932-6030-425F-8ADC-EE5460153464}.Debug|x64.ActiveCfg = Debug|x64
		{5EF05932-6030-425F-8ADC-EE5460153464}.Debug|x64.Build.0 = Debug|x64
		{5EF05932-6030-425F-8ADC-EE5460153464}.Debug|x86.ActiveCfg = Debug|Win32
		{5EF05932-6030-425F-8ADC-EE5460153464}.Debug|x86.Build.0 = Debug|Win32
		{5EF05932-6030-425F-8ADC-EE5460153464}.Release|x64.ActiveCfg = Release|x64
		{5EF05932-6030-425F-8ADC-EE5460153464}.Release|x64.Build.0 = Release|x64
		{5EF05932-6030-425F-8ADC-EE5460153464}.Release|x86.ActiveCfg = Release|Win32
		{5EF05932-6030-425F-8ADC-EE5460153464}.Release|x86.Build.0 = Release|Win32
		{764C181B-C7EC-4510-AB79-4F56A92E4F44}.Debug|x64.ActiveCfg = Debug|x64
		{764C181B-C7EC-4510-AB79-4F56A92E4F44}.Debug|x64.Build.0 = Debug|x64
		{764C181B-C7EC-4510-AB79-4F56A92E4F44}.Debug|x86.ActiveCfg = Debug|Win32
		{764C181B-C7EC-4510-AB79-4F56A92E4F44}.Debug|x86.Build.0 = Debug|Win32
		{764C181B-C7EC-4510-AB79-4F56A92E4F44}.Release|x64.ActiveCfg = Release|x64
		{764C181B-C7EC-4510-AB79-4F56A92E4F44}.Release|x64.Build.0 = Release|x64
		{764C181B-C7EC-4510-AB79-4F56A92E4F44}.Release|x86.ActiveCfg = Release|Win32
		{764C181B-C7EC-4510-AB79-4F56A92E4F44}.Release|x86.Build.0 = Release|Win32
		{2E9BF51E-C250-442F-A90B-20F4439F1C4D}.Debug|x64.ActiveCfg = Debug|x64
		{2E9BF51E-C250-442F-A90B-20F4439F1C4D}.Debug|x64.Build.0 = Debug|x64
		{2E9BF51E-C250-442F-A90B-20F4439F1C4D}.Debug|x86.ActiveCfg = Debug|Win32
		{2E9BF51E-C250-442F-A90B-20F4439F1C4D}.Debug|x86.Build.0 = Debug|Win32
		{2E9BF51E-C250-442F-A90B-20F4439F1C4D}.Release|x64.ActiveCfg = Release|x64
		{2E9BF51E-C250-442F-A90B-20F4439F1C4D}.Release|x64.Build.0 = Release|x64
		{2E9BF51E-C250-442F-A90B-20F4439F1C4D}.Release|x86.ActiveCfg = Release|Win32
		{2E9BF51E-C250-442F-A90B-20F4439F1C4D}.Release|x86.Build.0 = Release|Win32
		{ABBB98D4-EB82-401F-BD6E-0F409CFBC9C8}.Debug|x64.ActiveCfg = Debug|x64
		{ABBB98D4-EB82-401F-BD6E-0F409CFBC9C8}.Debug|x64.Build.0 = Debug|x64
		{ABBB98D4-EB82-401F-BD6E-0F409CFBC9C8}.Debug|x86.ActiveCfg = Debug|Win32
		{ABBB98D4-EB82-401F-BD6E-0F409CFBC9C8}.Debug|x86.Build.0 = Debug|Win32
		{ABBB98D4-EB82-401F-BD6E-0F409CFBC9C8}.Release|x64.ActiveCfg = Release|x64
		{ABBB98D4-EB82-401F-BD6E-0F409CFBC9C8}.Release|x64.Build.0 = Release|x64
		{ABBB98D4-EB82-401F-BD6E-0F409CFBC9C8}.Release|x86.ActiveCfg = Release|Win32
		{ABBB98D4-EB82-401F-BD6E-0F409CFBC9C8}.Release|x86.Build.0 = Release|Win32
		{4EDA635F-6F3B-4FFA-8AA4-A7CA90F8ABDB}.Debug|x64.ActiveCfg = Debug|x64
		{4EDA635F-6F3B-4FFA-8AA4-A7CA90F8ABDB}.Debug|x64.Build.0 = Debug|x64
		{4EDA635F-6F3B-4FFA-8AA4-A7CA90F8ABDB}.Debug|x86.ActiveCfg = Debug|Win32
		{4EDA635F-6F3B-4FFA-8AA4-A7CA90F8ABDB}.Debug|x86.Build.0 = Debug|Win32
		{4EDA635F-6F3B-4FFA-8AA4-A7CA90F8ABDB}.Release|x64.ActiveCfg = Release|x64
		{4EDA635F-6F3B-4FFA-8AA4-A7CA90F8ABDB}.Release|x64.Build.0 = Release|x64
		{4EDA635F-6F3B-4FFA-8AA4-A7CA90F8ABDB}.Release|x86.ActiveCfg = Release|Win32
		{4EDA635F-6F3B-4FFA-8AA4-A7CA90F8ABDB}.Release|x86.Build.0 = Release|Win32
		{4E158598-8C29-4AA9-A983-37601E65251E}.Debug|x64.ActiveCfg = Debug|x64
		{4E158598-8C29-4AA9-A983-37601E65251E}.Debug|x64.Build.0 = Debug|x64
		{4E158598-8C29-4AA9-A983-37601E65251E}.Debug|x86.ActiveCfg = Debug|Win32
		{4E158598-8C29-4AA9-A983-37601E65251E}.Debug|x86.Build.0 = Debug|Win32
		{4E158598-8C29-4AA9-A983-37601E65251E}.Release|x64.ActiveCfg = Release|x64
		{4E158598-8C29-4AA9-A983-37601E65251E}.Release|x64.Build.0 = Release|x64
		{4E158598-8C29-4AA9-A983-37601E65251E}.Release|x86.ActiveCfg = Release|Win32
		{4E158598-8C29-4AA9-A983-37601E65251E}.Release|x86.Build.0 = Release|Win32
		{EA22D318-427D-45F7-8828-B11239AFE6CE}.Debug|x64.ActiveCfg = Debug|x64
		{EA22D318-427D-45F7-8828-B11239AFE6CE}.Debug|x64.Build.0 = Debug|x64
		{EA22D318-427D-45F7-8828-B11239AFE6CE}.Debug|x86.ActiveCfg = Debug|Win32
		{EA22D318-427D-45F7-8828-B11239AFE6CE}.Debug|x86.Build.0 = Debug|Win32
		{EA22D318-427D-45F7-8828-B11239AFE6CE}.Release|x64.ActiveCfg = Release|x64
		{EA22D318-427D-45F7-8828-B11239AFE6CE}.Release|x64.Build.0 = Release|x64
		{EA22D318-427D-45F7-8828-B11239AFE6CE}.Release|x86.ActiveCfg = Release|Win32
		{EA22D318-427D-45F7-8828-B11239AFE6CE}.Release|x86.Build.0 = Release|Win32
		{6876C6F1-B361-4BB4-B7F5-D23BAFD3C977}.Debug|x64.ActiveCfg = Debug|x64
		{6876C6F1-B361-4BB4-B7F5-D23BAFD3C977}.Debug|x64.Build.0 = Debug|x64
		{6876C6F1-B361-4BB4-B7F5-D23BAFD3C977}.Debug|x86.ActiveCfg = Debug|Win32
		{6876C6F1-B361-4BB4-B7F5-D23BAFD3C977}.Debug|x86.Build.0 = Debug|Win32
		{6876C6F1-B361-4BB4-B7F5-D23BAFD3C977}.Release|x64.ActiveCfg = Release|x64
		{6876C6F1-B361-4BB4-B7F5-D23BAFD3C977}.Release|x64.Build.0 = Release|x64
		{6876C6F1-B361-4BB4-B7F5-D23BAFD3C977}.Release|x86.ActiveCfg = Release|Win32
		{6876C6F1-B361-4BB4-B7F5-D23BAFD3C977}.Release|x86.Build.0 = Release|Win32
		{5705AF78-8ADD-4A6A-A4D1-E959979C10AF}.Debug|x64.ActiveCfg = Debug|x64
		{5705AF78-8ADD-4A6A-A4D1-E959979C10AF}.Debug|x64.Build.0 = Debug|x64
		{5705AF78-8ADD-4A6A-A4D1-E959979C10AF}.Debug|x86.ActiveCfg = Debug|Win32
		{5705AF78-8ADD-4A6A-A4D1-E959979C10AF}.Debug|x86.Build.0 = Debug|Win32
		{5705AF78-8ADD-4A6A-A4D1-E959979C10AF}.Release|x64.ActiveCfg = Release|x64
		{5705AF78-8ADD-4A6A-A4D1-E959979C10AF}.Release|x64.Build.0 = Release|x64
		{5705AF78-8ADD-4A6A-A4D1-E959979C10AF}.Release|x86.ActiveCfg = Release|Win32
		{5705AF78-8ADD-4A6A-A4D1-E959979C10AF}.Release|x86.Build.0 = Release|Win32
		{B2B3A3BB-D27E-4F2C-94AE-46ADADB9106B}.Debug|x64.ActiveCfg = Debug|x64
		{B2B3A3BB-D27E-4F2C-94AE-46ADADB9106B}.Debug|x64.Build.0 = Debug|x64
		{B2B3A3BB-D27E-4F2C-94AE-46ADADB9106B}.Debug|x86.ActiveCfg = Debug|Win32
		{B2B3A3BB-D27E-4F2C-94AE-46ADADB9106B}.Debug|x86.Build.0 = Debug|Win32
		{B2B3A3BB-D27E-4F2C-94AE-46ADADB9106B}.Release|x64.ActiveCfg = Release|x64
		{B2B3A3BB-D27E-4F2C-94AE-46ADADB9106B}.Release|x64.Build.0 = Release|x64
		{B2B3A3BB-D27E-4F2C-94AE-46ADADB9106B}.Release|x86.ActiveCfg = Release|Win32
		{B2B3A3BB-D27E-4F2C-94AE-46ADADB9106B}.Release|x86.Build.0 = Release|Win32
		{B770EC15-0C2B-4C58-8DEA-73C84978E6FE}.Debug|x64.ActiveCfg = Debug|x64
		{B770EC15-0C2B-4C58-8DEA-73C84978E6FE}.Debug|x64.Build.0 = Debug|x64
		{B770EC15-0C2B-4C58-8DEA-73C84978E6FE}.Debug|x86.ActiveCfg = Debug|Win32
		{B770EC15-0C2B-4C58-8DEA-73C84978E6FE}.Debug|x86.Build.0 = Debug|Win32
		{B770EC15-0C2B-4C58-8DEA-73C84978E6FE}.Release|x64.ActiveCfg = Release|x64
		{B770EC15-0C2B-4C58-8DEA-73C84978E6FE}.Release|x64.Build.0 = Release|x64
		{B770EC15-0C2B-4C58-8DEA-73C84978E6FE}.Release|x86.ActiveCfg = Release|Win32
		{B770EC15-0C2B-4C58-8DEA-73C84978E6FE}.Release|x86.Build.0 = Release|Win32
	EndGlobalSection
	GlobalSection(SolutionProperties) = preSolution
		HideSolutionNode = FALSE
	EndGlobalSection
	GlobalSection(ExtensibilityGlobals) = postSolution
		SolutionGuid = {AFA1D418-0F2C-477B-917A-C5A00419FF10}
	EndGlobalSection
EndGlobal
